
Microsoft Visual Studio Solution File, Format Version 12.00
# Visual Studio Version 16
VisualStudioVersion = 16.0.32510.428
MinimumVisualStudioVersion = 10.0.40219.1
Project("{13B669BE-BB05-4DDF-9536-439F39A36129}") = "console-application", "console-application.msbuildproj", "{635A0F89-6F5F-4613-B477-AB4E038AE59C}"
EndProject
Global
	GlobalSection(SolutionConfigurationPlatforms) = preSolution
		Debug|Any CPU = Debug|Any CPU
		Release|Any CPU = Release|Any CPU
	EndGlobalSection
	GlobalSection(ProjectConfigurationPlatforms) = postSolution
		{635A0F89-6F5F-4613-B477-AB4E038AE59C}.Debug|Any CPU.ActiveCfg = Debug|Any CPU
		{635A0F89-6F5F-4613-B477-AB4E038AE59C}.Debug|Any CPU.Build.0 = Debug|Any CPU
		{635A0F89-6F5F-4613-B477-AB4E038AE59C}.Release|Any CPU.ActiveCfg = Release|Any CPU
		{635A0F89-6F5F-4613-B477-AB4E038AE59C}.Release|Any CPU.Build.0 = Release|Any CPU
	EndGlobalSection
	GlobalSection(SolutionProperties) = preSolution
		HideSolutionNode = FALSE
	EndGlobalSection
	GlobalSection(ExtensibilityGlobals) = postSolution
		SolutionGuid = {5BF1BEBD-18E7-49FC-9E24-79787253F916}
	EndGlobalSection
EndGlobal
